{
  "version": 4,
  "terraform_version": "1.9.6",
  "serial": 12,
  "lineage": "e4c086c3-9ff0-5481-26dd-ccc1a600b3d5",
  "outputs": {},
  "resources": [
    {
      "mode": "managed",
      "type": "aws_vpc",
      "name": "example",
      "provider": "provider[\"registry.terraform.io/hashicorp/aws\"]",
      "instances": [
        {
          "schema_version": 1,
          "attributes": {
            "arn": "arn:aws:ec2:ap-northeast-3:061039804626:vpc/vpc-0dca028ad5ad2ee9d",
            "assign_generated_ipv6_cidr_block": false,
            "cidr_block": "172.18.0.0/24",
            "default_network_acl_id": "acl-0fbdac6768cf7ea63",
            "default_route_table_id": "rtb-05dbf9dfcdf98c920",
            "default_security_group_id": "sg-04d6a651d58e4f771",
            "dhcp_options_id": "dopt-0226a8070715b1bac",
            "enable_dns_hostnames": false,
            "enable_dns_support": true,
            "enable_network_address_usage_metrics": false,
            "id": "vpc-0dca028ad5ad2ee9d",
            "instance_tenancy": "default",
            "ipv4_ipam_pool_id": null,
            "ipv4_netmask_length": null,
            "ipv6_association_id": "",
            "ipv6_cidr_block": "",
            "ipv6_cidr_block_network_border_group": "",
            "ipv6_ipam_pool_id": "",
            "ipv6_netmask_length": 0,
            "main_route_table_id": "rtb-05dbf9dfcdf98c920",
            "owner_id": "061039804626",
            "tags": {
              "Name": "KTW-Terraform-VPC"
            },
            "tags_all": {
              "Name": "KTW-Terraform-VPC"
            }
          },
          "sensitive_attributes": [],
          "private": "eyJzY2hlbWFfdmVyc2lvbiI6IjEifQ=="
        }
      ]
    }
  ],
  "check_results": null
}
